// !$*UTF8*$!
{
	archiveVersion = 1;
	classes = {
	};
	objectVersion = 46;
	objects = {

/* Begin PBXBuildFile section */
		5B8DA9A968B7E72E9917FD11 /* Pods_FeathersSwiftRest_watchOS.framework in Frameworks */ = {isa = PBXBuildFile; fileRef = 5742BFAF77EED57986DD42E4 /* Pods_FeathersSwiftRest_watchOS.framework */; };
		68649C8258E28A8F6F811A31 /* Pods_FeathersSwiftRest_tvOS.framework in Frameworks */ = {isa = PBXBuildFile; fileRef = 2E2F1B083D0F386EF8A13582 /* Pods_FeathersSwiftRest_tvOS.framework */; };
		881EE17D509D1C20E0C3A07D /* Pods_FeathersSwiftRest_macOS.framework in Frameworks */ = {isa = PBXBuildFile; fileRef = B606EDA3A71BF7FFB66C7A55 /* Pods_FeathersSwiftRest_macOS.framework */; };
		EA9DB8411ECC072D007A1668 /* RestProvider.swift in Sources */ = {isa = PBXBuildFile; fileRef = EA9DB8401ECC072D007A1668 /* RestProvider.swift */; };
		EA9DB8661ECC11C6007A1668 /* RestProvider.swift in Sources */ = {isa = PBXBuildFile; fileRef = EA9DB8401ECC072D007A1668 /* RestProvider.swift */; };
		EA9DB8741ECC14C3007A1668 /* RestProvider.swift in Sources */ = {isa = PBXBuildFile; fileRef = EA9DB8401ECC072D007A1668 /* RestProvider.swift */; };
		EA9DB8891ECC15E4007A1668 /* RestProvider.swift in Sources */ = {isa = PBXBuildFile; fileRef = EA9DB8401ECC072D007A1668 /* RestProvider.swift */; };
		EAC0E8B11ECC04E700B0AE86 /* FeathersSwiftRest.h in Headers */ = {isa = PBXBuildFile; fileRef = EAC0E8AF1ECC04E700B0AE86 /* FeathersSwiftRest.h */; settings = {ATTRIBUTES = (Public, ); }; };
		F74DD8781A51A845DA6E492F /* Pods_FeathersSwiftRest_iOS.framework in Frameworks */ = {isa = PBXBuildFile; fileRef = 84DC05298D2C76FBD797C6B9 /* Pods_FeathersSwiftRest_iOS.framework */; };
/* End PBXBuildFile section */

/* Begin PBXFileReference section */
		057952CD4FC51882F45B9A9B /* Pods-FeathersSwiftRest-tvOS.release.xcconfig */ = {isa = PBXFileReference; includeInIndex = 1; lastKnownFileType = text.xcconfig; name = "Pods-FeathersSwiftRest-tvOS.release.xcconfig"; path = "Pods/Target Support Files/Pods-FeathersSwiftRest-tvOS/Pods-FeathersSwiftRest-tvOS.release.xcconfig"; sourceTree = "<group>"; };
		0EB43EA9D93B29E2AC2C7C3F /* Pods-FeathersSwiftRest-iOS.release.xcconfig */ = {isa = PBXFileReference; includeInIndex = 1; lastKnownFileType = text.xcconfig; name = "Pods-FeathersSwiftRest-iOS.release.xcconfig"; path = "Pods/Target Support Files/Pods-FeathersSwiftRest-iOS/Pods-FeathersSwiftRest-iOS.release.xcconfig"; sourceTree = "<group>"; };
		10594A6EF7576D9DE5B2F37B /* Pods-FeathersSwiftRest-macOS.release.xcconfig */ = {isa = PBXFileReference; includeInIndex = 1; lastKnownFileType = text.xcconfig; name = "Pods-FeathersSwiftRest-macOS.release.xcconfig"; path = "Pods/Target Support Files/Pods-FeathersSwiftRest-macOS/Pods-FeathersSwiftRest-macOS.release.xcconfig"; sourceTree = "<group>"; };
		16548D7FC04F961FD8EE1A5A /* Pods-FeathersSwiftRest-watchOS.release.xcconfig */ = {isa = PBXFileReference; includeInIndex = 1; lastKnownFileType = text.xcconfig; name = "Pods-FeathersSwiftRest-watchOS.release.xcconfig"; path = "Pods/Target Support Files/Pods-FeathersSwiftRest-watchOS/Pods-FeathersSwiftRest-watchOS.release.xcconfig"; sourceTree = "<group>"; };
		2E2F1B083D0F386EF8A13582 /* Pods_FeathersSwiftRest_tvOS.framework */ = {isa = PBXFileReference; explicitFileType = wrapper.framework; includeInIndex = 0; path = Pods_FeathersSwiftRest_tvOS.framework; sourceTree = BUILT_PRODUCTS_DIR; };
		3D6DEAEC43C00B21C5983595 /* Pods-FeathersSwiftRest-watchOS.debug.xcconfig */ = {isa = PBXFileReference; includeInIndex = 1; lastKnownFileType = text.xcconfig; name = "Pods-FeathersSwiftRest-watchOS.debug.xcconfig"; path = "Pods/Target Support Files/Pods-FeathersSwiftRest-watchOS/Pods-FeathersSwiftRest-watchOS.debug.xcconfig"; sourceTree = "<group>"; };
		53C6C8D218B1B12DCB9840EC /* Pods-FeathersSwiftRest-iOS.debug.xcconfig */ = {isa = PBXFileReference; includeInIndex = 1; lastKnownFileType = text.xcconfig; name = "Pods-FeathersSwiftRest-iOS.debug.xcconfig"; path = "Pods/Target Support Files/Pods-FeathersSwiftRest-iOS/Pods-FeathersSwiftRest-iOS.debug.xcconfig"; sourceTree = "<group>"; };
		5742BFAF77EED57986DD42E4 /* Pods_FeathersSwiftRest_watchOS.framework */ = {isa = PBXFileReference; explicitFileType = wrapper.framework; includeInIndex = 0; path = Pods_FeathersSwiftRest_watchOS.framework; sourceTree = BUILT_PRODUCTS_DIR; };
		84DC05298D2C76FBD797C6B9 /* Pods_FeathersSwiftRest_iOS.framework */ = {isa = PBXFileReference; explicitFileType = wrapper.framework; includeInIndex = 0; path = Pods_FeathersSwiftRest_iOS.framework; sourceTree = BUILT_PRODUCTS_DIR; };
		8D179B79884A725C2270CB01 /* Pods-FeathersSwiftRest-macOS.debug.xcconfig */ = {isa = PBXFileReference; includeInIndex = 1; lastKnownFileType = text.xcconfig; name = "Pods-FeathersSwiftRest-macOS.debug.xcconfig"; path = "Pods/Target Support Files/Pods-FeathersSwiftRest-macOS/Pods-FeathersSwiftRest-macOS.debug.xcconfig"; sourceTree = "<group>"; };
		B606EDA3A71BF7FFB66C7A55 /* Pods_FeathersSwiftRest_macOS.framework */ = {isa = PBXFileReference; explicitFileType = wrapper.framework; includeInIndex = 0; path = Pods_FeathersSwiftRest_macOS.framework; sourceTree = BUILT_PRODUCTS_DIR; };
		EA9DB8401ECC072D007A1668 /* RestProvider.swift */ = {isa = PBXFileReference; fileEncoding = 4; lastKnownFileType = sourcecode.swift; name = RestProvider.swift; path = Core/RestProvider.swift; sourceTree = "<group>"; };
		EA9DB8441ECC0D05007A1668 /* Alamofire.framework */ = {isa = PBXFileReference; lastKnownFileType = wrapper.framework; name = Alamofire.framework; path = Carthage/Build/iOS/Alamofire.framework; sourceTree = "<group>"; };
		EA9DB8451ECC0D05007A1668 /* Feathers.framework */ = {isa = PBXFileReference; lastKnownFileType = wrapper.framework; name = Feathers.framework; path = Carthage/Build/iOS/Feathers.framework; sourceTree = "<group>"; };
		EA9DB8461ECC0D05007A1668 /* Result.framework */ = {isa = PBXFileReference; lastKnownFileType = wrapper.framework; name = Result.framework; path = Carthage/Build/iOS/Result.framework; sourceTree = "<group>"; };
		EA9DB8501ECC10B9007A1668 /* FeathersSwiftRest.framework */ = {isa = PBXFileReference; explicitFileType = wrapper.framework; includeInIndex = 0; path = FeathersSwiftRest.framework; sourceTree = BUILT_PRODUCTS_DIR; };
		EA9DB8581ECC1156007A1668 /* Alamofire.framework */ = {isa = PBXFileReference; lastKnownFileType = wrapper.framework; name = Alamofire.framework; path = Carthage/Build/Mac/Alamofire.framework; sourceTree = "<group>"; };
		EA9DB8591ECC1156007A1668 /* Result.framework */ = {isa = PBXFileReference; lastKnownFileType = wrapper.framework; name = Result.framework; path = Carthage/Build/Mac/Result.framework; sourceTree = "<group>"; };
		EA9DB85C1ECC115F007A1668 /* Feathers.framework */ = {isa = PBXFileReference; lastKnownFileType = wrapper.framework; name = Feathers.framework; path = Carthage/Build/Mac/Feathers.framework; sourceTree = "<group>"; };
		EA9DB8601ECC11B8007A1668 /* Alamofire.framework.dSYM */ = {isa = PBXFileReference; lastKnownFileType = wrapper.dsym; name = Alamofire.framework.dSYM; path = Carthage/Build/Mac/Alamofire.framework.dSYM; sourceTree = "<group>"; };
		EA9DB8611ECC11B8007A1668 /* Feathers.framework.dSYM */ = {isa = PBXFileReference; lastKnownFileType = wrapper.dsym; name = Feathers.framework.dSYM; path = Carthage/Build/Mac/Feathers.framework.dSYM; sourceTree = "<group>"; };
		EA9DB8621ECC11B8007A1668 /* Result.framework.dSYM */ = {isa = PBXFileReference; lastKnownFileType = wrapper.dsym; name = Result.framework.dSYM; path = Carthage/Build/Mac/Result.framework.dSYM; sourceTree = "<group>"; };
		EA9DB86C1ECC1481007A1668 /* FeathersSwiftRest.framework */ = {isa = PBXFileReference; explicitFileType = wrapper.framework; includeInIndex = 0; path = FeathersSwiftRest.framework; sourceTree = BUILT_PRODUCTS_DIR; };
		EA9DB8751ECC14FD007A1668 /* Alamofire.framework */ = {isa = PBXFileReference; lastKnownFileType = wrapper.framework; name = Alamofire.framework; path = Carthage/Build/tvOS/Alamofire.framework; sourceTree = "<group>"; };
		EA9DB8761ECC14FD007A1668 /* Feathers.framework */ = {isa = PBXFileReference; lastKnownFileType = wrapper.framework; name = Feathers.framework; path = Carthage/Build/tvOS/Feathers.framework; sourceTree = "<group>"; };
		EA9DB8771ECC14FD007A1668 /* Result.framework */ = {isa = PBXFileReference; lastKnownFileType = wrapper.framework; name = Result.framework; path = Carthage/Build/tvOS/Result.framework; sourceTree = "<group>"; };
		EA9DB8811ECC15A3007A1668 /* FeathersSwiftRest.framework */ = {isa = PBXFileReference; explicitFileType = wrapper.framework; includeInIndex = 0; path = FeathersSwiftRest.framework; sourceTree = BUILT_PRODUCTS_DIR; };
		EA9DB88B1ECC163B007A1668 /* Alamofire.framework */ = {isa = PBXFileReference; lastKnownFileType = wrapper.framework; name = Alamofire.framework; path = Carthage/Build/watchOS/Alamofire.framework; sourceTree = "<group>"; };
		EA9DB88C1ECC163B007A1668 /* Feathers.framework */ = {isa = PBXFileReference; lastKnownFileType = wrapper.framework; name = Feathers.framework; path = Carthage/Build/watchOS/Feathers.framework; sourceTree = "<group>"; };
		EA9DB88D1ECC163B007A1668 /* Result.framework */ = {isa = PBXFileReference; lastKnownFileType = wrapper.framework; name = Result.framework; path = Carthage/Build/watchOS/Result.framework; sourceTree = "<group>"; };
		EAC0E8AC1ECC04E700B0AE86 /* FeathersSwiftRest.framework */ = {isa = PBXFileReference; explicitFileType = wrapper.framework; includeInIndex = 0; path = FeathersSwiftRest.framework; sourceTree = BUILT_PRODUCTS_DIR; };
		EAC0E8AF1ECC04E700B0AE86 /* FeathersSwiftRest.h */ = {isa = PBXFileReference; lastKnownFileType = sourcecode.c.h; path = FeathersSwiftRest.h; sourceTree = "<group>"; };
		EAC0E8B01ECC04E700B0AE86 /* Info.plist */ = {isa = PBXFileReference; lastKnownFileType = text.plist.xml; path = Info.plist; sourceTree = "<group>"; };
		EE282C02DB21A4BF9B617855 /* Pods-FeathersSwiftRest-tvOS.debug.xcconfig */ = {isa = PBXFileReference; includeInIndex = 1; lastKnownFileType = text.xcconfig; name = "Pods-FeathersSwiftRest-tvOS.debug.xcconfig"; path = "Pods/Target Support Files/Pods-FeathersSwiftRest-tvOS/Pods-FeathersSwiftRest-tvOS.debug.xcconfig"; sourceTree = "<group>"; };
/* End PBXFileReference section */

/* Begin PBXFrameworksBuildPhase section */
		EA9DB84C1ECC10B9007A1668 /* Frameworks */ = {
			isa = PBXFrameworksBuildPhase;
			buildActionMask = 2147483647;
			files = (
				881EE17D509D1C20E0C3A07D /* Pods_FeathersSwiftRest_macOS.framework in Frameworks */,
			);
			runOnlyForDeploymentPostprocessing = 0;
		};
		EA9DB8681ECC1481007A1668 /* Frameworks */ = {
			isa = PBXFrameworksBuildPhase;
			buildActionMask = 2147483647;
			files = (
				68649C8258E28A8F6F811A31 /* Pods_FeathersSwiftRest_tvOS.framework in Frameworks */,
			);
			runOnlyForDeploymentPostprocessing = 0;
		};
		EA9DB87D1ECC15A3007A1668 /* Frameworks */ = {
			isa = PBXFrameworksBuildPhase;
			buildActionMask = 2147483647;
			files = (
				5B8DA9A968B7E72E9917FD11 /* Pods_FeathersSwiftRest_watchOS.framework in Frameworks */,
			);
			runOnlyForDeploymentPostprocessing = 0;
		};
		EAC0E8A81ECC04E700B0AE86 /* Frameworks */ = {
			isa = PBXFrameworksBuildPhase;
			buildActionMask = 2147483647;
			files = (
				F74DD8781A51A845DA6E492F /* Pods_FeathersSwiftRest_iOS.framework in Frameworks */,
			);
			runOnlyForDeploymentPostprocessing = 0;
		};
/* End PBXFrameworksBuildPhase section */

/* Begin PBXGroup section */
		26DCBA453C5F9FABDAA2AD13 /* Pods */ = {
			isa = PBXGroup;
			children = (
				53C6C8D218B1B12DCB9840EC /* Pods-FeathersSwiftRest-iOS.debug.xcconfig */,
				0EB43EA9D93B29E2AC2C7C3F /* Pods-FeathersSwiftRest-iOS.release.xcconfig */,
				8D179B79884A725C2270CB01 /* Pods-FeathersSwiftRest-macOS.debug.xcconfig */,
				10594A6EF7576D9DE5B2F37B /* Pods-FeathersSwiftRest-macOS.release.xcconfig */,
				EE282C02DB21A4BF9B617855 /* Pods-FeathersSwiftRest-tvOS.debug.xcconfig */,
				057952CD4FC51882F45B9A9B /* Pods-FeathersSwiftRest-tvOS.release.xcconfig */,
				3D6DEAEC43C00B21C5983595 /* Pods-FeathersSwiftRest-watchOS.debug.xcconfig */,
				16548D7FC04F961FD8EE1A5A /* Pods-FeathersSwiftRest-watchOS.release.xcconfig */,
			);
			name = Pods;
			sourceTree = "<group>";
		};
		EA9DB8421ECC0737007A1668 /* Core */ = {
			isa = PBXGroup;
			children = (
				EA9DB8401ECC072D007A1668 /* RestProvider.swift */,
			);
			name = Core;
			sourceTree = "<group>";
		};
		EA9DB8431ECC0D05007A1668 /* Frameworks */ = {
			isa = PBXGroup;
			children = (
				EA9DB88B1ECC163B007A1668 /* Alamofire.framework */,
				EA9DB88C1ECC163B007A1668 /* Feathers.framework */,
				EA9DB88D1ECC163B007A1668 /* Result.framework */,
				EA9DB8751ECC14FD007A1668 /* Alamofire.framework */,
				EA9DB8761ECC14FD007A1668 /* Feathers.framework */,
				EA9DB8771ECC14FD007A1668 /* Result.framework */,
				EA9DB8601ECC11B8007A1668 /* Alamofire.framework.dSYM */,
				EA9DB8611ECC11B8007A1668 /* Feathers.framework.dSYM */,
				EA9DB8621ECC11B8007A1668 /* Result.framework.dSYM */,
				EA9DB85C1ECC115F007A1668 /* Feathers.framework */,
				EA9DB8581ECC1156007A1668 /* Alamofire.framework */,
				EA9DB8591ECC1156007A1668 /* Result.framework */,
				EA9DB8441ECC0D05007A1668 /* Alamofire.framework */,
				EA9DB8451ECC0D05007A1668 /* Feathers.framework */,
				EA9DB8461ECC0D05007A1668 /* Result.framework */,
				84DC05298D2C76FBD797C6B9 /* Pods_FeathersSwiftRest_iOS.framework */,
				B606EDA3A71BF7FFB66C7A55 /* Pods_FeathersSwiftRest_macOS.framework */,
				2E2F1B083D0F386EF8A13582 /* Pods_FeathersSwiftRest_tvOS.framework */,
				5742BFAF77EED57986DD42E4 /* Pods_FeathersSwiftRest_watchOS.framework */,
			);
			name = Frameworks;
			sourceTree = "<group>";
		};
		EAC0E8A21ECC04E700B0AE86 = {
			isa = PBXGroup;
			children = (
				EAC0E8AE1ECC04E700B0AE86 /* FeathersSwiftRest */,
				EAC0E8AD1ECC04E700B0AE86 /* Products */,
				EA9DB8431ECC0D05007A1668 /* Frameworks */,
				26DCBA453C5F9FABDAA2AD13 /* Pods */,
			);
			sourceTree = "<group>";
		};
		EAC0E8AD1ECC04E700B0AE86 /* Products */ = {
			isa = PBXGroup;
			children = (
				EAC0E8AC1ECC04E700B0AE86 /* FeathersSwiftRest.framework */,
				EA9DB8501ECC10B9007A1668 /* FeathersSwiftRest.framework */,
				EA9DB86C1ECC1481007A1668 /* FeathersSwiftRest.framework */,
				EA9DB8811ECC15A3007A1668 /* FeathersSwiftRest.framework */,
			);
			name = Products;
			sourceTree = "<group>";
		};
		EAC0E8AE1ECC04E700B0AE86 /* FeathersSwiftRest */ = {
			isa = PBXGroup;
			children = (
				EA9DB8421ECC0737007A1668 /* Core */,
				EAC0E8AF1ECC04E700B0AE86 /* FeathersSwiftRest.h */,
				EAC0E8B01ECC04E700B0AE86 /* Info.plist */,
			);
			path = FeathersSwiftRest;
			sourceTree = "<group>";
		};
/* End PBXGroup section */

/* Begin PBXHeadersBuildPhase section */
		EA9DB84D1ECC10B9007A1668 /* Headers */ = {
			isa = PBXHeadersBuildPhase;
			buildActionMask = 2147483647;
			files = (
			);
			runOnlyForDeploymentPostprocessing = 0;
		};
		EA9DB8691ECC1481007A1668 /* Headers */ = {
			isa = PBXHeadersBuildPhase;
			buildActionMask = 2147483647;
			files = (
			);
			runOnlyForDeploymentPostprocessing = 0;
		};
		EA9DB87E1ECC15A3007A1668 /* Headers */ = {
			isa = PBXHeadersBuildPhase;
			buildActionMask = 2147483647;
			files = (
			);
			runOnlyForDeploymentPostprocessing = 0;
		};
		EAC0E8A91ECC04E700B0AE86 /* Headers */ = {
			isa = PBXHeadersBuildPhase;
			buildActionMask = 2147483647;
			files = (
				EAC0E8B11ECC04E700B0AE86 /* FeathersSwiftRest.h in Headers */,
			);
			runOnlyForDeploymentPostprocessing = 0;
		};
/* End PBXHeadersBuildPhase section */

/* Begin PBXNativeTarget section */
		EA9DB84F1ECC10B9007A1668 /* FeathersSwiftRest-macOS */ = {
			isa = PBXNativeTarget;
			buildConfigurationList = EA9DB8551ECC10BA007A1668 /* Build configuration list for PBXNativeTarget "FeathersSwiftRest-macOS" */;
			buildPhases = (
				BF3D4EE05A4AE16063EA330C /* [CP] Check Pods Manifest.lock */,
				EA9DB84B1ECC10B9007A1668 /* Sources */,
				EA9DB84C1ECC10B9007A1668 /* Frameworks */,
				EA9DB84D1ECC10B9007A1668 /* Headers */,
				EA9DB84E1ECC10B9007A1668 /* Resources */,
				CC359D40ADEC839BF8C9995E /* [CP] Copy Pods Resources */,
			);
			buildRules = (
			);
			dependencies = (
			);
			name = "FeathersSwiftRest-macOS";
			productName = "FeathersSwiftRest-macOS";
			productReference = EA9DB8501ECC10B9007A1668 /* FeathersSwiftRest.framework */;
			productType = "com.apple.product-type.framework";
		};
		EA9DB86B1ECC1481007A1668 /* FeathersSwiftRest-tvOS */ = {
			isa = PBXNativeTarget;
			buildConfigurationList = EA9DB8711ECC1482007A1668 /* Build configuration list for PBXNativeTarget "FeathersSwiftRest-tvOS" */;
			buildPhases = (
				6E4656DD0A5354FAE9D2B43F /* [CP] Check Pods Manifest.lock */,
				EA9DB8671ECC1481007A1668 /* Sources */,
				EA9DB8681ECC1481007A1668 /* Frameworks */,
				EA9DB8691ECC1481007A1668 /* Headers */,
				EA9DB86A1ECC1481007A1668 /* Resources */,
				64EB81156E01F20150C8FC4F /* [CP] Copy Pods Resources */,
			);
			buildRules = (
			);
			dependencies = (
			);
			name = "FeathersSwiftRest-tvOS";
			productName = "FeathersSwiftRest-tvOS";
			productReference = EA9DB86C1ECC1481007A1668 /* FeathersSwiftRest.framework */;
			productType = "com.apple.product-type.framework";
		};
		EA9DB8801ECC15A3007A1668 /* FeathersSwiftRest-watchOS */ = {
			isa = PBXNativeTarget;
			buildConfigurationList = EA9DB8861ECC15A3007A1668 /* Build configuration list for PBXNativeTarget "FeathersSwiftRest-watchOS" */;
			buildPhases = (
				FBC3A4EC355BD7F1743CCD53 /* [CP] Check Pods Manifest.lock */,
				EA9DB87C1ECC15A3007A1668 /* Sources */,
				EA9DB87D1ECC15A3007A1668 /* Frameworks */,
				EA9DB87E1ECC15A3007A1668 /* Headers */,
				EA9DB87F1ECC15A3007A1668 /* Resources */,
				FBD0167C9BC0353ED5D7C879 /* [CP] Copy Pods Resources */,
			);
			buildRules = (
			);
			dependencies = (
			);
			name = "FeathersSwiftRest-watchOS";
			productName = "FeathersSwiftRest-watchOS";
			productReference = EA9DB8811ECC15A3007A1668 /* FeathersSwiftRest.framework */;
			productType = "com.apple.product-type.framework";
		};
		EAC0E8AB1ECC04E700B0AE86 /* FeathersSwiftRest-iOS */ = {
			isa = PBXNativeTarget;
			buildConfigurationList = EAC0E8B41ECC04E700B0AE86 /* Build configuration list for PBXNativeTarget "FeathersSwiftRest-iOS" */;
			buildPhases = (
				D184ED992A87CA305E5AF377 /* [CP] Check Pods Manifest.lock */,
				EAC0E8A71ECC04E700B0AE86 /* Sources */,
				EAC0E8A81ECC04E700B0AE86 /* Frameworks */,
				EAC0E8A91ECC04E700B0AE86 /* Headers */,
				EAC0E8AA1ECC04E700B0AE86 /* Resources */,
				2B0A588D15434A119DC70A33 /* [CP] Copy Pods Resources */,
			);
			buildRules = (
			);
			dependencies = (
			);
			name = "FeathersSwiftRest-iOS";
			productName = FeathersSwiftRest;
			productReference = EAC0E8AC1ECC04E700B0AE86 /* FeathersSwiftRest.framework */;
			productType = "com.apple.product-type.framework";
		};
/* End PBXNativeTarget section */

/* Begin PBXProject section */
		EAC0E8A31ECC04E700B0AE86 /* Project object */ = {
			isa = PBXProject;
			attributes = {
				LastUpgradeCheck = 0830;
				ORGANIZATIONNAME = FeathersJS;
				TargetAttributes = {
					EA9DB84F1ECC10B9007A1668 = {
						CreatedOnToolsVersion = 8.3.2;
						ProvisioningStyle = Automatic;
					};
					EA9DB86B1ECC1481007A1668 = {
						CreatedOnToolsVersion = 8.3.2;
						ProvisioningStyle = Automatic;
					};
					EA9DB8801ECC15A3007A1668 = {
						CreatedOnToolsVersion = 8.3.2;
						ProvisioningStyle = Automatic;
					};
					EAC0E8AB1ECC04E700B0AE86 = {
						CreatedOnToolsVersion = 8.3.2;
						LastSwiftMigration = 0830;
						ProvisioningStyle = Automatic;
					};
				};
			};
			buildConfigurationList = EAC0E8A61ECC04E700B0AE86 /* Build configuration list for PBXProject "FeathersSwiftRest" */;
			compatibilityVersion = "Xcode 3.2";
			developmentRegion = English;
			hasScannedForEncodings = 0;
			knownRegions = (
				en,
			);
			mainGroup = EAC0E8A21ECC04E700B0AE86;
			productRefGroup = EAC0E8AD1ECC04E700B0AE86 /* Products */;
			projectDirPath = "";
			projectRoot = "";
			targets = (
				EAC0E8AB1ECC04E700B0AE86 /* FeathersSwiftRest-iOS */,
				EA9DB84F1ECC10B9007A1668 /* FeathersSwiftRest-macOS */,
				EA9DB86B1ECC1481007A1668 /* FeathersSwiftRest-tvOS */,
				EA9DB8801ECC15A3007A1668 /* FeathersSwiftRest-watchOS */,
			);
		};
/* End PBXProject section */

/* Begin PBXResourcesBuildPhase section */
		EA9DB84E1ECC10B9007A1668 /* Resources */ = {
			isa = PBXResourcesBuildPhase;
			buildActionMask = 2147483647;
			files = (
			);
			runOnlyForDeploymentPostprocessing = 0;
		};
		EA9DB86A1ECC1481007A1668 /* Resources */ = {
			isa = PBXResourcesBuildPhase;
			buildActionMask = 2147483647;
			files = (
			);
			runOnlyForDeploymentPostprocessing = 0;
		};
		EA9DB87F1ECC15A3007A1668 /* Resources */ = {
			isa = PBXResourcesBuildPhase;
			buildActionMask = 2147483647;
			files = (
			);
			runOnlyForDeploymentPostprocessing = 0;
		};
		EAC0E8AA1ECC04E700B0AE86 /* Resources */ = {
			isa = PBXResourcesBuildPhase;
			buildActionMask = 2147483647;
			files = (
			);
			runOnlyForDeploymentPostprocessing = 0;
		};
/* End PBXResourcesBuildPhase section */

/* Begin PBXShellScriptBuildPhase section */
		2B0A588D15434A119DC70A33 /* [CP] Copy Pods Resources */ = {
			isa = PBXShellScriptBuildPhase;
			buildActionMask = 2147483647;
			files = (
			);
			inputPaths = (
			);
			name = "[CP] Copy Pods Resources";
			outputPaths = (
			);
			runOnlyForDeploymentPostprocessing = 0;
			shellPath = /bin/sh;
			shellScript = "\"${SRCROOT}/Pods/Target Support Files/Pods-FeathersSwiftRest-iOS/Pods-FeathersSwiftRest-iOS-resources.sh\"\n";
			showEnvVarsInLog = 0;
		};
		64EB81156E01F20150C8FC4F /* [CP] Copy Pods Resources */ = {
			isa = PBXShellScriptBuildPhase;
			buildActionMask = 2147483647;
			files = (
			);
			inputPaths = (
			);
			name = "[CP] Copy Pods Resources";
			outputPaths = (
			);
			runOnlyForDeploymentPostprocessing = 0;
			shellPath = /bin/sh;
			shellScript = "\"${SRCROOT}/Pods/Target Support Files/Pods-FeathersSwiftRest-tvOS/Pods-FeathersSwiftRest-tvOS-resources.sh\"\n";
			showEnvVarsInLog = 0;
		};
		6E4656DD0A5354FAE9D2B43F /* [CP] Check Pods Manifest.lock */ = {
			isa = PBXShellScriptBuildPhase;
			buildActionMask = 2147483647;
			files = (
			);
			inputPaths = (
			);
			name = "[CP] Check Pods Manifest.lock";
			outputPaths = (
			);
			runOnlyForDeploymentPostprocessing = 0;
			shellPath = /bin/sh;
			shellScript = "diff \"${PODS_PODFILE_DIR_PATH}/Podfile.lock\" \"${PODS_ROOT}/Manifest.lock\" > /dev/null\nif [ $? != 0 ] ; then\n    # print error to STDERR\n    echo \"error: The sandbox is not in sync with the Podfile.lock. Run 'pod install' or update your CocoaPods installation.\" >&2\n    exit 1\nfi\n";
			showEnvVarsInLog = 0;
		};
		BF3D4EE05A4AE16063EA330C /* [CP] Check Pods Manifest.lock */ = {
			isa = PBXShellScriptBuildPhase;
			buildActionMask = 2147483647;
			files = (
			);
			inputPaths = (
			);
			name = "[CP] Check Pods Manifest.lock";
			outputPaths = (
			);
			runOnlyForDeploymentPostprocessing = 0;
			shellPath = /bin/sh;
			shellScript = "diff \"${PODS_PODFILE_DIR_PATH}/Podfile.lock\" \"${PODS_ROOT}/Manifest.lock\" > /dev/null\nif [ $? != 0 ] ; then\n    # print error to STDERR\n    echo \"error: The sandbox is not in sync with the Podfile.lock. Run 'pod install' or update your CocoaPods installation.\" >&2\n    exit 1\nfi\n";
			showEnvVarsInLog = 0;
		};
		CC359D40ADEC839BF8C9995E /* [CP] Copy Pods Resources */ = {
			isa = PBXShellScriptBuildPhase;
			buildActionMask = 2147483647;
			files = (
			);
			inputPaths = (
			);
			name = "[CP] Copy Pods Resources";
			outputPaths = (
			);
			runOnlyForDeploymentPostprocessing = 0;
			shellPath = /bin/sh;
			shellScript = "\"${SRCROOT}/Pods/Target Support Files/Pods-FeathersSwiftRest-macOS/Pods-FeathersSwiftRest-macOS-resources.sh\"\n";
			showEnvVarsInLog = 0;
		};
		D184ED992A87CA305E5AF377 /* [CP] Check Pods Manifest.lock */ = {
			isa = PBXShellScriptBuildPhase;
			buildActionMask = 2147483647;
			files = (
			);
			inputPaths = (
			);
			name = "[CP] Check Pods Manifest.lock";
			outputPaths = (
			);
			runOnlyForDeploymentPostprocessing = 0;
			shellPath = /bin/sh;
			shellScript = "diff \"${PODS_PODFILE_DIR_PATH}/Podfile.lock\" \"${PODS_ROOT}/Manifest.lock\" > /dev/null\nif [ $? != 0 ] ; then\n    # print error to STDERR\n    echo \"error: The sandbox is not in sync with the Podfile.lock. Run 'pod install' or update your CocoaPods installation.\" >&2\n    exit 1\nfi\n";
			showEnvVarsInLog = 0;
		};
		FBC3A4EC355BD7F1743CCD53 /* [CP] Check Pods Manifest.lock */ = {
			isa = PBXShellScriptBuildPhase;
			buildActionMask = 2147483647;
			files = (
			);
			inputPaths = (
			);
			name = "[CP] Check Pods Manifest.lock";
			outputPaths = (
			);
			runOnlyForDeploymentPostprocessing = 0;
			shellPath = /bin/sh;
			shellScript = "diff \"${PODS_PODFILE_DIR_PATH}/Podfile.lock\" \"${PODS_ROOT}/Manifest.lock\" > /dev/null\nif [ $? != 0 ] ; then\n    # print error to STDERR\n    echo \"error: The sandbox is not in sync with the Podfile.lock. Run 'pod install' or update your CocoaPods installation.\" >&2\n    exit 1\nfi\n";
			showEnvVarsInLog = 0;
		};
		FBD0167C9BC0353ED5D7C879 /* [CP] Copy Pods Resources */ = {
			isa = PBXShellScriptBuildPhase;
			buildActionMask = 2147483647;
			files = (
			);
			inputPaths = (
			);
			name = "[CP] Copy Pods Resources";
			outputPaths = (
			);
			runOnlyForDeploymentPostprocessing = 0;
			shellPath = /bin/sh;
			shellScript = "\"${SRCROOT}/Pods/Target Support Files/Pods-FeathersSwiftRest-watchOS/Pods-FeathersSwiftRest-watchOS-resources.sh\"\n";
			showEnvVarsInLog = 0;
		};
/* End PBXShellScriptBuildPhase section */

/* Begin PBXSourcesBuildPhase section */
		EA9DB84B1ECC10B9007A1668 /* Sources */ = {
			isa = PBXSourcesBuildPhase;
			buildActionMask = 2147483647;
			files = (
				EA9DB8661ECC11C6007A1668 /* RestProvider.swift in Sources */,
			);
			runOnlyForDeploymentPostprocessing = 0;
		};
		EA9DB8671ECC1481007A1668 /* Sources */ = {
			isa = PBXSourcesBuildPhase;
			buildActionMask = 2147483647;
			files = (
				EA9DB8741ECC14C3007A1668 /* RestProvider.swift in Sources */,
			);
			runOnlyForDeploymentPostprocessing = 0;
		};
		EA9DB87C1ECC15A3007A1668 /* Sources */ = {
			isa = PBXSourcesBuildPhase;
			buildActionMask = 2147483647;
			files = (
				EA9DB8891ECC15E4007A1668 /* RestProvider.swift in Sources */,
			);
			runOnlyForDeploymentPostprocessing = 0;
		};
		EAC0E8A71ECC04E700B0AE86 /* Sources */ = {
			isa = PBXSourcesBuildPhase;
			buildActionMask = 2147483647;
			files = (
				EA9DB8411ECC072D007A1668 /* RestProvider.swift in Sources */,
			);
			runOnlyForDeploymentPostprocessing = 0;
		};
/* End PBXSourcesBuildPhase section */

/* Begin XCBuildConfiguration section */
		EA9DB8561ECC10BA007A1668 /* Debug */ = {
			isa = XCBuildConfiguration;
			baseConfigurationReference = 8D179B79884A725C2270CB01 /* Pods-FeathersSwiftRest-macOS.debug.xcconfig */;
			buildSettings = {
				CODE_SIGN_IDENTITY = "Mac Developer";
				COMBINE_HIDPI_IMAGES = YES;
				DEFINES_MODULE = YES;
				DEVELOPMENT_TEAM = "";
				DYLIB_COMPATIBILITY_VERSION = 1;
				DYLIB_CURRENT_VERSION = 1;
				DYLIB_INSTALL_NAME_BASE = "@rpath";
				FRAMEWORK_SEARCH_PATHS = (
					"$(inherited)",
					"$(PROJECT_DIR)/Carthage/Build/Mac",
				);
				FRAMEWORK_VERSION = A;
				INFOPLIST_FILE = FeathersSwiftRest/Info.plist;
				INSTALL_PATH = "$(LOCAL_LIBRARY_DIR)/Frameworks";
				LD_RUNPATH_SEARCH_PATHS = "$(inherited) @executable_path/../Frameworks @loader_path/Frameworks";
				MACOSX_DEPLOYMENT_TARGET = 10.10;
				PRODUCT_BUNDLE_IDENTIFIER = "com.feathersjs.FeathersSwiftRest-macOS";
				PRODUCT_NAME = FeathersSwiftRest;
				PROVISIONING_PROFILE_SPECIFIER = "";
				SDKROOT = macosx;
				SKIP_INSTALL = YES;
				SWIFT_VERSION = 3.0;
			};
			name = Debug;
		};
		EA9DB8571ECC10BA007A1668 /* Release */ = {
			isa = XCBuildConfiguration;
			baseConfigurationReference = 10594A6EF7576D9DE5B2F37B /* Pods-FeathersSwiftRest-macOS.release.xcconfig */;
			buildSettings = {
				CODE_SIGN_IDENTITY = "Mac Developer";
				COMBINE_HIDPI_IMAGES = YES;
				DEFINES_MODULE = YES;
				DEVELOPMENT_TEAM = "";
				DYLIB_COMPATIBILITY_VERSION = 1;
				DYLIB_CURRENT_VERSION = 1;
				DYLIB_INSTALL_NAME_BASE = "@rpath";
				FRAMEWORK_SEARCH_PATHS = (
					"$(inherited)",
					"$(PROJECT_DIR)/Carthage/Build/Mac",
				);
				FRAMEWORK_VERSION = A;
				INFOPLIST_FILE = FeathersSwiftRest/Info.plist;
				INSTALL_PATH = "$(LOCAL_LIBRARY_DIR)/Frameworks";
				LD_RUNPATH_SEARCH_PATHS = "$(inherited) @executable_path/../Frameworks @loader_path/Frameworks";
				MACOSX_DEPLOYMENT_TARGET = 10.10;
				PRODUCT_BUNDLE_IDENTIFIER = "com.feathersjs.FeathersSwiftRest-macOS";
				PRODUCT_NAME = FeathersSwiftRest;
				PROVISIONING_PROFILE_SPECIFIER = "";
				SDKROOT = macosx;
				SKIP_INSTALL = YES;
				SWIFT_VERSION = 3.0;
			};
			name = Release;
		};
		EA9DB8721ECC1482007A1668 /* Debug */ = {
			isa = XCBuildConfiguration;
			baseConfigurationReference = EE282C02DB21A4BF9B617855 /* Pods-FeathersSwiftRest-tvOS.debug.xcconfig */;
			buildSettings = {
				CODE_SIGN_IDENTITY = "";
				DEFINES_MODULE = YES;
				DYLIB_COMPATIBILITY_VERSION = 1;
				DYLIB_CURRENT_VERSION = 1;
				DYLIB_INSTALL_NAME_BASE = "@rpath";
				FRAMEWORK_SEARCH_PATHS = (
					"$(inherited)",
					"$(PROJECT_DIR)/Carthage/Build/tvOS",
				);
				INFOPLIST_FILE = FeathersSwiftRest/Info.plist;
				INSTALL_PATH = "$(LOCAL_LIBRARY_DIR)/Frameworks";
				LD_RUNPATH_SEARCH_PATHS = "$(inherited) @executable_path/Frameworks @loader_path/Frameworks";
				PRODUCT_BUNDLE_IDENTIFIER = "com.feathersjs.FeathersSwiftRest-tvOS";
				PRODUCT_NAME = FeathersSwiftRest;
				SDKROOT = appletvos;
				SKIP_INSTALL = YES;
				SWIFT_VERSION = 3.0;
				TARGETED_DEVICE_FAMILY = 3;
				TVOS_DEPLOYMENT_TARGET = 9.0;
			};
			name = Debug;
		};
		EA9DB8731ECC1482007A1668 /* Release */ = {
			isa = XCBuildConfiguration;
			baseConfigurationReference = 057952CD4FC51882F45B9A9B /* Pods-FeathersSwiftRest-tvOS.release.xcconfig */;
			buildSettings = {
				CODE_SIGN_IDENTITY = "";
				DEFINES_MODULE = YES;
				DYLIB_COMPATIBILITY_VERSION = 1;
				DYLIB_CURRENT_VERSION = 1;
				DYLIB_INSTALL_NAME_BASE = "@rpath";
				FRAMEWORK_SEARCH_PATHS = (
					"$(inherited)",
					"$(PROJECT_DIR)/Carthage/Build/tvOS",
				);
				INFOPLIST_FILE = FeathersSwiftRest/Info.plist;
				INSTALL_PATH = "$(LOCAL_LIBRARY_DIR)/Frameworks";
				LD_RUNPATH_SEARCH_PATHS = "$(inherited) @executable_path/Frameworks @loader_path/Frameworks";
				PRODUCT_BUNDLE_IDENTIFIER = "com.feathersjs.FeathersSwiftRest-tvOS";
				PRODUCT_NAME = FeathersSwiftRest;
				SDKROOT = appletvos;
				SKIP_INSTALL = YES;
				SWIFT_VERSION = 3.0;
				TARGETED_DEVICE_FAMILY = 3;
				TVOS_DEPLOYMENT_TARGET = 9.0;
			};
			name = Release;
		};
		EA9DB8871ECC15A3007A1668 /* Debug */ = {
			isa = XCBuildConfiguration;
			baseConfigurationReference = 3D6DEAEC43C00B21C5983595 /* Pods-FeathersSwiftRest-watchOS.debug.xcconfig */;
			buildSettings = {
				APPLICATION_EXTENSION_API_ONLY = YES;
				CODE_SIGN_IDENTITY = "";
				DEFINES_MODULE = YES;
				DYLIB_COMPATIBILITY_VERSION = 1;
				DYLIB_CURRENT_VERSION = 1;
				DYLIB_INSTALL_NAME_BASE = "@rpath";
				FRAMEWORK_SEARCH_PATHS = (
					"$(inherited)",
					"$(PROJECT_DIR)/Carthage/Build/watchOS",
				);
				INFOPLIST_FILE = FeathersSwiftRest/Info.plist;
				INSTALL_PATH = "$(LOCAL_LIBRARY_DIR)/Frameworks";
				LD_RUNPATH_SEARCH_PATHS = "$(inherited) @executable_path/Frameworks @loader_path/Frameworks";
				PRODUCT_BUNDLE_IDENTIFIER = "com.feathersjs.FeathersSwiftRest-watchOS";
				PRODUCT_NAME = FeathersSwiftRest;
				SDKROOT = watchos;
				SKIP_INSTALL = YES;
				SWIFT_VERSION = 3.0;
				TARGETED_DEVICE_FAMILY = 4;
				WATCHOS_DEPLOYMENT_TARGET = 2.0;
			};
			name = Debug;
		};
		EA9DB8881ECC15A3007A1668 /* Release */ = {
			isa = XCBuildConfiguration;
			baseConfigurationReference = 16548D7FC04F961FD8EE1A5A /* Pods-FeathersSwiftRest-watchOS.release.xcconfig */;
			buildSettings = {
				APPLICATION_EXTENSION_API_ONLY = YES;
				CODE_SIGN_IDENTITY = "";
				DEFINES_MODULE = YES;
				DYLIB_COMPATIBILITY_VERSION = 1;
				DYLIB_CURRENT_VERSION = 1;
				DYLIB_INSTALL_NAME_BASE = "@rpath";
				FRAMEWORK_SEARCH_PATHS = (
					"$(inherited)",
					"$(PROJECT_DIR)/Carthage/Build/watchOS",
				);
				INFOPLIST_FILE = FeathersSwiftRest/Info.plist;
				INSTALL_PATH = "$(LOCAL_LIBRARY_DIR)/Frameworks";
				LD_RUNPATH_SEARCH_PATHS = "$(inherited) @executable_path/Frameworks @loader_path/Frameworks";
				PRODUCT_BUNDLE_IDENTIFIER = "com.feathersjs.FeathersSwiftRest-watchOS";
				PRODUCT_NAME = FeathersSwiftRest;
				SDKROOT = watchos;
				SKIP_INSTALL = YES;
				SWIFT_VERSION = 3.0;
				TARGETED_DEVICE_FAMILY = 4;
				WATCHOS_DEPLOYMENT_TARGET = 2.0;
			};
			name = Release;
		};
		EAC0E8B21ECC04E700B0AE86 /* Debug */ = {
			isa = XCBuildConfiguration;
			buildSettings = {
				ALWAYS_SEARCH_USER_PATHS = NO;
				CLANG_ANALYZER_NONNULL = YES;
				CLANG_ANALYZER_NUMBER_OBJECT_CONVERSION = YES_AGGRESSIVE;
				CLANG_CXX_LANGUAGE_STANDARD = "gnu++0x";
				CLANG_CXX_LIBRARY = "libc++";
				CLANG_ENABLE_MODULES = YES;
				CLANG_ENABLE_OBJC_ARC = YES;
				CLANG_WARN_BOOL_CONVERSION = YES;
				CLANG_WARN_CONSTANT_CONVERSION = YES;
				CLANG_WARN_DIRECT_OBJC_ISA_USAGE = YES_ERROR;
				CLANG_WARN_DOCUMENTATION_COMMENTS = YES;
				CLANG_WARN_EMPTY_BODY = YES;
				CLANG_WARN_ENUM_CONVERSION = YES;
				CLANG_WARN_INFINITE_RECURSION = YES;
				CLANG_WARN_INT_CONVERSION = YES;
				CLANG_WARN_OBJC_ROOT_CLASS = YES_ERROR;
				CLANG_WARN_SUSPICIOUS_MOVE = YES;
				CLANG_WARN_UNREACHABLE_CODE = YES;
				CLANG_WARN__DUPLICATE_METHOD_MATCH = YES;
				"CODE_SIGN_IDENTITY[sdk=iphoneos*]" = "iPhone Developer";
				COPY_PHASE_STRIP = NO;
				CURRENT_PROJECT_VERSION = 1;
				DEBUG_INFORMATION_FORMAT = dwarf;
				ENABLE_STRICT_OBJC_MSGSEND = YES;
				ENABLE_TESTABILITY = YES;
				GCC_C_LANGUAGE_STANDARD = gnu99;
				GCC_DYNAMIC_NO_PIC = NO;
				GCC_NO_COMMON_BLOCKS = YES;
				GCC_OPTIMIZATION_LEVEL = 0;
				GCC_PREPROCESSOR_DEFINITIONS = (
					"DEBUG=1",
					"$(inherited)",
				);
				GCC_WARN_64_TO_32_BIT_CONVERSION = YES;
				GCC_WARN_ABOUT_RETURN_TYPE = YES_ERROR;
				GCC_WARN_UNDECLARED_SELECTOR = YES;
				GCC_WARN_UNINITIALIZED_AUTOS = YES_AGGRESSIVE;
				GCC_WARN_UNUSED_FUNCTION = YES;
				GCC_WARN_UNUSED_VARIABLE = YES;
				IPHONEOS_DEPLOYMENT_TARGET = 10.3;
				MTL_ENABLE_DEBUG_INFO = YES;
				ONLY_ACTIVE_ARCH = YES;
				SDKROOT = iphoneos;
				SWIFT_ACTIVE_COMPILATION_CONDITIONS = DEBUG;
				SWIFT_OPTIMIZATION_LEVEL = "-Onone";
				TARGETED_DEVICE_FAMILY = "1,2";
				VERSIONING_SYSTEM = "apple-generic";
				VERSION_INFO_PREFIX = "";
			};
			name = Debug;
		};
		EAC0E8B31ECC04E700B0AE86 /* Release */ = {
			isa = XCBuildConfiguration;
			buildSettings = {
				ALWAYS_SEARCH_USER_PATHS = NO;
				CLANG_ANALYZER_NONNULL = YES;
				CLANG_ANALYZER_NUMBER_OBJECT_CONVERSION = YES_AGGRESSIVE;
				CLANG_CXX_LANGUAGE_STANDARD = "gnu++0x";
				CLANG_CXX_LIBRARY = "libc++";
				CLANG_ENABLE_MODULES = YES;
				CLANG_ENABLE_OBJC_ARC = YES;
				CLANG_WARN_BOOL_CONVERSION = YES;
				CLANG_WARN_CONSTANT_CONVERSION = YES;
				CLANG_WARN_DIRECT_OBJC_ISA_USAGE = YES_ERROR;
				CLANG_WARN_DOCUMENTATION_COMMENTS = YES;
				CLANG_WARN_EMPTY_BODY = YES;
				CLANG_WARN_ENUM_CONVERSION = YES;
				CLANG_WARN_INFINITE_RECURSION = YES;
				CLANG_WARN_INT_CONVERSION = YES;
				CLANG_WARN_OBJC_ROOT_CLASS = YES_ERROR;
				CLANG_WARN_SUSPICIOUS_MOVE = YES;
				CLANG_WARN_UNREACHABLE_CODE = YES;
				CLANG_WARN__DUPLICATE_METHOD_MATCH = YES;
				"CODE_SIGN_IDENTITY[sdk=iphoneos*]" = "iPhone Developer";
				COPY_PHASE_STRIP = NO;
				CURRENT_PROJECT_VERSION = 1;
				DEBUG_INFORMATION_FORMAT = "dwarf-with-dsym";
				ENABLE_NS_ASSERTIONS = NO;
				ENABLE_STRICT_OBJC_MSGSEND = YES;
				GCC_C_LANGUAGE_STANDARD = gnu99;
				GCC_NO_COMMON_BLOCKS = YES;
				GCC_WARN_64_TO_32_BIT_CONVERSION = YES;
				GCC_WARN_ABOUT_RETURN_TYPE = YES_ERROR;
				GCC_WARN_UNDECLARED_SELECTOR = YES;
				GCC_WARN_UNINITIALIZED_AUTOS = YES_AGGRESSIVE;
				GCC_WARN_UNUSED_FUNCTION = YES;
				GCC_WARN_UNUSED_VARIABLE = YES;
				IPHONEOS_DEPLOYMENT_TARGET = 10.3;
				MTL_ENABLE_DEBUG_INFO = NO;
				SDKROOT = iphoneos;
				SWIFT_OPTIMIZATION_LEVEL = "-Owholemodule";
				TARGETED_DEVICE_FAMILY = "1,2";
				VALIDATE_PRODUCT = YES;
				VERSIONING_SYSTEM = "apple-generic";
				VERSION_INFO_PREFIX = "";
			};
			name = Release;
		};
		EAC0E8B51ECC04E700B0AE86 /* Debug */ = {
			isa = XCBuildConfiguration;
			baseConfigurationReference = 53C6C8D218B1B12DCB9840EC /* Pods-FeathersSwiftRest-iOS.debug.xcconfig */;
			buildSettings = {
				CLANG_ENABLE_MODULES = YES;
				CODE_SIGN_IDENTITY = "";
				DEFINES_MODULE = YES;
				DYLIB_COMPATIBILITY_VERSION = 1;
				DYLIB_CURRENT_VERSION = 1;
				DYLIB_INSTALL_NAME_BASE = "@rpath";
				FRAMEWORK_SEARCH_PATHS = (
					"$(inherited)",
					"$(PROJECT_DIR)/Carthage/Build/iOS",
				);
				INFOPLIST_FILE = FeathersSwiftRest/Info.plist;
				INSTALL_PATH = "$(LOCAL_LIBRARY_DIR)/Frameworks";
				IPHONEOS_DEPLOYMENT_TARGET = 8.0;
				LD_RUNPATH_SEARCH_PATHS = "$(inherited) @executable_path/Frameworks @loader_path/Frameworks";
				PRODUCT_BUNDLE_IDENTIFIER = com.feathersjs.FeathersSwiftRest;
				PRODUCT_NAME = FeathersSwiftRest;
				SKIP_INSTALL = YES;
				SWIFT_OPTIMIZATION_LEVEL = "-Onone";
				SWIFT_VERSION = 3.0;
			};
			name = Debug;
		};
		EAC0E8B61ECC04E700B0AE86 /* Release */ = {
			isa = XCBuildConfiguration;
			baseConfigurationReference = 0EB43EA9D93B29E2AC2C7C3F /* Pods-FeathersSwiftRest-iOS.release.xcconfig */;
			buildSettings = {
				CLANG_ENABLE_MODULES = YES;
				CODE_SIGN_IDENTITY = "";
				DEFINES_MODULE = YES;
				DYLIB_COMPATIBILITY_VERSION = 1;
				DYLIB_CURRENT_VERSION = 1;
				DYLIB_INSTALL_NAME_BASE = "@rpath";
				FRAMEWORK_SEARCH_PATHS = (
					"$(inherited)",
					"$(PROJECT_DIR)/Carthage/Build/iOS",
				);
				INFOPLIST_FILE = FeathersSwiftRest/Info.plist;
				INSTALL_PATH = "$(LOCAL_LIBRARY_DIR)/Frameworks";
				IPHONEOS_DEPLOYMENT_TARGET = 8.0;
				LD_RUNPATH_SEARCH_PATHS = "$(inherited) @executable_path/Frameworks @loader_path/Frameworks";
				PRODUCT_BUNDLE_IDENTIFIER = com.feathersjs.FeathersSwiftRest;
				PRODUCT_NAME = FeathersSwiftRest;
				SKIP_INSTALL = YES;
				SWIFT_VERSION = 3.0;
			};
			name = Release;
		};
/* End XCBuildConfiguration section */

/* Begin XCConfigurationList section */
		EA9DB8551ECC10BA007A1668 /* Build configuration list for PBXNativeTarget "FeathersSwiftRest-macOS" */ = {
			isa = XCConfigurationList;
			buildConfigurations = (
				EA9DB8561ECC10BA007A1668 /* Debug */,
				EA9DB8571ECC10BA007A1668 /* Release */,
			);
			defaultConfigurationIsVisible = 0;
			defaultConfigurationName = Release;
		};
		EA9DB8711ECC1482007A1668 /* Build configuration list for PBXNativeTarget "FeathersSwiftRest-tvOS" */ = {
			isa = XCConfigurationList;
			buildConfigurations = (
				EA9DB8721ECC1482007A1668 /* Debug */,
				EA9DB8731ECC1482007A1668 /* Release */,
			);
			defaultConfigurationIsVisible = 0;
			defaultConfigurationName = Release;
		};
		EA9DB8861ECC15A3007A1668 /* Build configuration list for PBXNativeTarget "FeathersSwiftRest-watchOS" */ = {
			isa = XCConfigurationList;
			buildConfigurations = (
				EA9DB8871ECC15A3007A1668 /* Debug */,
				EA9DB8881ECC15A3007A1668 /* Release */,
			);
			defaultConfigurationIsVisible = 0;
			defaultConfigurationName = Release;
		};
		EAC0E8A61ECC04E700B0AE86 /* Build configuration list for PBXProject "FeathersSwiftRest" */ = {
			isa = XCConfigurationList;
			buildConfigurations = (
				EAC0E8B21ECC04E700B0AE86 /* Debug */,
				EAC0E8B31ECC04E700B0AE86 /* Release */,
			);
			defaultConfigurationIsVisible = 0;
			defaultConfigurationName = Release;
		};
		EAC0E8B41ECC04E700B0AE86 /* Build configuration list for PBXNativeTarget "FeathersSwiftRest-iOS" */ = {
			isa = XCConfigurationList;
			buildConfigurations = (
				EAC0E8B51ECC04E700B0AE86 /* Debug */,
				EAC0E8B61ECC04E700B0AE86 /* Release */,
			);
			defaultConfigurationIsVisible = 0;
			defaultConfigurationName = Release;
		};
/* End XCConfigurationList section */
	};
	rootObject = EAC0E8A31ECC04E700B0AE86 /* Project object */;
}
